// !$*UTF8*$!
{
	archiveVersion = 1;
	classes = {
	};
	objectVersion = 56;
	objects = {

/* Begin PBXBuildFile section */
		F3118F172AA933D30068794A /* my_app_iosApp.swift in Sources */ = {isa = PBXBuildFile; fileRef = F3118F162AA933D30068794A /* my_app_iosApp.swift */; };
		F3118F192AA933D30068794A /* ContentView.swift in Sources */ = {isa = PBXBuildFile; fileRef = F3118F182AA933D30068794A /* ContentView.swift */; };
		F3118F1B2AA933D40068794A /* Assets.xcassets in Resources */ = {isa = PBXBuildFile; fileRef = F3118F1A2AA933D40068794A /* Assets.xcassets */; };
		F3118F282AA933D40068794A /* my_app_iosTests.swift in Sources */ = {isa = PBXBuildFile; fileRef = F3118F272AA933D40068794A /* my_app_iosTests.swift */; };
		F3118F322AA933D40068794A /* my_app_iosUITests.swift in Sources */ = {isa = PBXBuildFile; fileRef = F3118F312AA933D40068794A /* my_app_iosUITests.swift */; };
		F3118F342AA933D40068794A /* my_app_iosUITestsLaunchTests.swift in Sources */ = {isa = PBXBuildFile; fileRef = F3118F332AA933D40068794A /* my_app_iosUITestsLaunchTests.swift */; };
/* End PBXBuildFile section */

/* Begin PBXContainerItemProxy section */
		F3118F242AA933D40068794A /* PBXContainerItemProxy */ = {
			isa = PBXContainerItemProxy;
			containerPortal = F3118F0B2AA933D30068794A /* Project object */;
			proxyType = 1;
			remoteGlobalIDString = F3118F122AA933D30068794A;
			remoteInfo = my_app_ios;
		};
		F3118F2E2AA933D40068794A /* PBXContainerItemProxy */ = {
			isa = PBXContainerItemProxy;
			containerPortal = F3118F0B2AA933D30068794A /* Project object */;
			proxyType = 1;
			remoteGlobalIDString = F3118F122AA933D30068794A;
			remoteInfo = my_app_ios;
		};
/* End PBXContainerItemProxy section */

/* Begin PBXFileReference section */
		F3118F132AA933D30068794A /* my_app_ios.app */ = {isa = PBXFileReference; explicitFileType = wrapper.application; includeInIndex = 0; path = my_app_ios.app; sourceTree = BUILT_PRODUCTS_DIR; };
		F3118F162AA933D30068794A /* my_app_iosApp.swift */ = {isa = PBXFileReference; lastKnownFileType = sourcecode.swift; path = my_app_iosApp.swift; sourceTree = "<group>"; };
		F3118F182AA933D30068794A /* ContentView.swift */ = {isa = PBXFileReference; lastKnownFileType = sourcecode.swift; path = ContentView.swift; sourceTree = "<group>"; };
		F3118F1A2AA933D40068794A /* Assets.xcassets */ = {isa = PBXFileReference; lastKnownFileType = folder.assetcatalog; path = Assets.xcassets; sourceTree = "<group>"; };
		F3118F232AA933D40068794A /* my_app_iosTests.xctest */ = {isa = PBXFileReference; explicitFileType = wrapper.cfbundle; includeInIndex = 0; path = my_app_iosTests.xctest; sourceTree = BUILT_PRODUCTS_DIR; };
		F3118F272AA933D40068794A /* my_app_iosTests.swift */ = {isa = PBXFileReference; lastKnownFileType = sourcecode.swift; path = my_app_iosTests.swift; sourceTree = "<group>"; };
		F3118F2D2AA933D40068794A /* my_app_iosUITests.xctest */ = {isa = PBXFileReference; explicitFileType = wrapper.cfbundle; includeInIndex = 0; path = my_app_iosUITests.xctest; sourceTree = BUILT_PRODUCTS_DIR; };
		F3118F312AA933D40068794A /* my_app_iosUITests.swift */ = {isa = PBXFileReference; lastKnownFileType = sourcecode.swift; path = my_app_iosUITests.swift; sourceTree = "<group>"; };
		F3118F332AA933D40068794A /* my_app_iosUITestsLaunchTests.swift */ = {isa = PBXFileReference; lastKnownFileType = sourcecode.swift; path = my_app_iosUITestsLaunchTests.swift; sourceTree = "<group>"; };
/* End PBXFileReference section */

/* Begin PBXFrameworksBuildPhase section */
		F3118F102AA933D30068794A /* Frameworks */ = {
			isa = PBXFrameworksBuildPhase;
			buildActionMask = 2147483647;
			files = (
			);
			runOnlyForDeploymentPostprocessing = 0;
		};
		F3118F202AA933D40068794A /* Frameworks */ = {
			isa = PBXFrameworksBuildPhase;
			buildActionMask = 2147483647;
			files = (
			);
			runOnlyForDeploymentPostprocessing = 0;
		};
		F3118F2A2AA933D40068794A /* Frameworks */ = {
			isa = PBXFrameworksBuildPhase;
			buildActionMask = 2147483647;
			files = (
			);
			runOnlyForDeploymentPostprocessing = 0;
		};
/* End PBXFrameworksBuildPhase section */

/* Begin PBXGroup section */
		F3118F0A2AA933D30068794A = {
			isa = PBXGroup;
			children = (
				F3118F152AA933D30068794A /* my_app_ios */,
				F3118F262AA933D40068794A /* my_app_iosTests */,
				F3118F302AA933D40068794A /* my_app_iosUITests */,
				F3118F142AA933D30068794A /* Products */,
			);
			sourceTree = "<group>";
		};
		F3118F142AA933D30068794A /* Products */ = {
			isa = PBXGroup;
			children = (
				F3118F132AA933D30068794A /* my_app_ios.app */,
				F3118F232AA933D40068794A /* my_app_iosTests.xctest */,
				F3118F2D2AA933D40068794A /* my_app_iosUITests.xctest */,
			);
			name = Products;
			sourceTree = "<group>";
		};
		F3118F152AA933D30068794A /* my_app_ios */ = {
			isa = PBXGroup;
			children = (
				F3118F162AA933D30068794A /* my_app_iosApp.swift */,
				F3118F182AA933D30068794A /* ContentView.swift */,
				F3118F1A2AA933D40068794A /* Assets.xcassets */,
			);
			path = my_app_ios;
			sourceTree = "<group>";
		};
		F3118F262AA933D40068794A /* my_app_iosTests */ = {
			isa = PBXGroup;
			children = (
				F3118F272AA933D40068794A /* my_app_iosTests.swift */,
			);
			path = my_app_iosTests;
			sourceTree = "<group>";
		};
		F3118F302AA933D40068794A /* my_app_iosUITests */ = {
			isa = PBXGroup;
			children = (
				F3118F312AA933D40068794A /* my_app_iosUITests.swift */,
				F3118F332AA933D40068794A /* my_app_iosUITestsLaunchTests.swift */,
			);
			path = my_app_iosUITests;
			sourceTree = "<group>";
		};
/* End PBXGroup section */

/* Begin PBXNativeTarget section */
		F3118F122AA933D30068794A /* my_app_ios */ = {
			isa = PBXNativeTarget;
			buildConfigurationList = F3118F372AA933D40068794A /* Build configuration list for PBXNativeTarget "my_app_ios" */;
			buildPhases = (
				F3118F0F2AA933D30068794A /* Sources */,
				F3118F102AA933D30068794A /* Frameworks */,
				F3118F112AA933D30068794A /* Resources */,
			);
			buildRules = (
			);
			dependencies = (
			);
			name = my_app_ios;
			productName = my_app_ios;
			productReference = F3118F132AA933D30068794A /* my_app_ios.app */;
			productType = "com.apple.product-type.application";
		};
		F3118F222AA933D40068794A /* my_app_iosTests */ = {
			isa = PBXNativeTarget;
			buildConfigurationList = F3118F3A2AA933D40068794A /* Build configuration list for PBXNativeTarget "my_app_iosTests" */;
			buildPhases = (
				F3118F1F2AA933D40068794A /* Sources */,
				F3118F202AA933D40068794A /* Frameworks */,
				F3118F212AA933D40068794A /* Resources */,
			);
			buildRules = (
			);
			dependencies = (
				F3118F252AA933D40068794A /* PBXTargetDependency */,
			);
			name = my_app_iosTests;
			productName = my_app_iosTests;
			productReference = F3118F232AA933D40068794A /* my_app_iosTests.xctest */;
			productType = "com.apple.product-type.bundle.unit-test";
		};
		F3118F2C2AA933D40068794A /* my_app_iosUITests */ = {
			isa = PBXNativeTarget;
			buildConfigurationList = F3118F3D2AA933D40068794A /* Build configuration list for PBXNativeTarget "my_app_iosUITests" */;
			buildPhases = (
				F3118F292AA933D40068794A /* Sources */,
				F3118F2A2AA933D40068794A /* Frameworks */,
				F3118F2B2AA933D40068794A /* Resources */,
			);
			buildRules = (
			);
			dependencies = (
				F3118F2F2AA933D40068794A /* PBXTargetDependency */,
			);
			name = my_app_iosUITests;
			productName = my_app_iosUITests;
			productReference = F3118F2D2AA933D40068794A /* my_app_iosUITests.xctest */;
			productType = "com.apple.product-type.bundle.ui-testing";
		};
/* End PBXNativeTarget section */

/* Begin PBXProject section */
		F3118F0B2AA933D30068794A /* Project object */ = {
			isa = PBXProject;
			attributes = {
				BuildIndependentTargetsInParallel = 1;
				LastSwiftUpdateCheck = 1430;
				LastUpgradeCheck = 1430;
				TargetAttributes = {
					F3118F122AA933D30068794A = {
						CreatedOnToolsVersion = 14.3.1;
					};
					F3118F222AA933D40068794A = {
						CreatedOnToolsVersion = 14.3.1;
						TestTargetID = F3118F122AA933D30068794A;
					};
					F3118F2C2AA933D40068794A = {
						CreatedOnToolsVersion = 14.3.1;
						TestTargetID = F3118F122AA933D30068794A;
					};
				};
			};
			buildConfigurationList = F3118F0E2AA933D30068794A /* Build configuration list for PBXProject "my_app_ios" */;
			compatibilityVersion = "Xcode 14.0";
			developmentRegion = en;
			hasScannedForEncodings = 0;
			knownRegions = (
				en,
				Base,
			);
			mainGroup = F3118F0A2AA933D30068794A;
			productRefGroup = F3118F142AA933D30068794A /* Products */;
			projectDirPath = "";
			projectRoot = "";
			targets = (
				F3118F122AA933D30068794A /* my_app_ios */,
				F3118F222AA933D40068794A /* my_app_iosTests */,
				F3118F2C2AA933D40068794A /* my_app_iosUITests */,
			);
		};
/* End PBXProject section */

/* Begin PBXResourcesBuildPhase section */
		F3118F112AA933D30068794A /* Resources */ = {
			isa = PBXResourcesBuildPhase;
			buildActionMask = 2147483647;
			files = (
				F3118F1B2AA933D40068794A /* Assets.xcassets in Resources */,
			);
			runOnlyForDeploymentPostprocessing = 0;
		};
		F3118F212AA933D40068794A /* Resources */ = {
			isa = PBXResourcesBuildPhase;
			buildActionMask = 2147483647;
			files = (
			);
			runOnlyForDeploymentPostprocessing = 0;
		};
		F3118F2B2AA933D40068794A /* Resources */ = {
			isa = PBXResourcesBuildPhase;
			buildActionMask = 2147483647;
			files = (
			);
			runOnlyForDeploymentPostprocessing = 0;
		};
/* End PBXResourcesBuildPhase section */

/* Begin PBXSourcesBuildPhase section */
		F3118F0F2AA933D30068794A /* Sources */ = {
			isa = PBXSourcesBuildPhase;
			buildActionMask = 2147483647;
			files = (
				F3118F192AA933D30068794A /* ContentView.swift in Sources */,
				F3118F172AA933D30068794A /* my_app_iosApp.swift in Sources */,
			);
			runOnlyForDeploymentPostprocessing = 0;
		};
		F3118F1F2AA933D40068794A /* Sources */ = {
			isa = PBXSourcesBuildPhase;
			buildActionMask = 2147483647;
			files = (
				F3118F282AA933D40068794A /* my_app_iosTests.swift in Sources */,
			);
			runOnlyForDeploymentPostprocessing = 0;
		};
		F3118F292AA933D40068794A /* Sources */ = {
			isa = PBXSourcesBuildPhase;
			buildActionMask = 2147483647;
			files = (
				F3118F342AA933D40068794A /* my_app_iosUITestsLaunchTests.swift in Sources */,
				F3118F322AA933D40068794A /* my_app_iosUITests.swift in Sources */,
			);
			runOnlyForDeploymentPostprocessing = 0;
		};
/* End PBXSourcesBuildPhase section */

/* Begin PBXTargetDependency section */
		F3118F252AA933D40068794A /* PBXTargetDependency */ = {
			isa = PBXTargetDependency;
			target = F3118F122AA933D30068794A /* my_app_ios */;
			targetProxy = F3118F242AA933D40068794A /* PBXContainerItemProxy */;
		};
		F3118F2F2AA933D40068794A /* PBXTargetDependency */ = {
			isa = PBXTargetDependency;
			target = F3118F122AA933D30068794A /* my_app_ios */;
			targetProxy = F3118F2E2AA933D40068794A /* PBXContainerItemProxy */;
		};
/* End PBXTargetDependency section */

/* Begin XCBuildConfiguration section */
		F3118F352AA933D40068794A /* Debug */ = {
			isa = XCBuildConfiguration;
			buildSettings = {
				ALWAYS_SEARCH_USER_PATHS = NO;
				CLANG_ANALYZER_NONNULL = YES;
				CLANG_ANALYZER_NUMBER_OBJECT_CONVERSION = YES_AGGRESSIVE;
				CLANG_CXX_LANGUAGE_STANDARD = "gnu++20";
				CLANG_ENABLE_MODULES = YES;
				CLANG_ENABLE_OBJC_ARC = YES;
				CLANG_ENABLE_OBJC_WEAK = YES;
				CLANG_WARN_BLOCK_CAPTURE_AUTORELEASING = YES;
				CLANG_WARN_BOOL_CONVERSION = YES;
				CLANG_WARN_COMMA = YES;
				CLANG_WARN_CONSTANT_CONVERSION = YES;
				CLANG_WARN_DEPRECATED_OBJC_IMPLEMENTATIONS = YES;
				CLANG_WARN_DIRECT_OBJC_ISA_USAGE = YES_ERROR;
				CLANG_WARN_DOCUMENTATION_COMMENTS = YES;
				CLANG_WARN_EMPTY_BODY = YES;
				CLANG_WARN_ENUM_CONVERSION = YES;
				CLANG_WARN_INFINITE_RECURSION = YES;
				CLANG_WARN_INT_CONVERSION = YES;
				CLANG_WARN_NON_LITERAL_NULL_CONVERSION = YES;
				CLANG_WARN_OBJC_IMPLICIT_RETAIN_SELF = YES;
				CLANG_WARN_OBJC_LITERAL_CONVERSION = YES;
				CLANG_WARN_OBJC_ROOT_CLASS = YES_ERROR;
				CLANG_WARN_QUOTED_INCLUDE_IN_FRAMEWORK_HEADER = YES;
				CLANG_WARN_RANGE_LOOP_ANALYSIS = YES;
				CLANG_WARN_STRICT_PROTOTYPES = YES;
				CLANG_WARN_SUSPICIOUS_MOVE = YES;
				CLANG_WARN_UNGUARDED_AVAILABILITY = YES_AGGRESSIVE;
				CLANG_WARN_UNREACHABLE_CODE = YES;
				CLANG_WARN__DUPLICATE_METHOD_MATCH = YES;
				COPY_PHASE_STRIP = NO;
				DEBUG_INFORMATION_FORMAT = dwarf;
				ENABLE_STRICT_OBJC_MSGSEND = YES;
				ENABLE_TESTABILITY = YES;
				GCC_C_LANGUAGE_STANDARD = gnu11;
				GCC_DYNAMIC_NO_PIC = NO;
				GCC_NO_COMMON_BLOCKS = YES;
				GCC_OPTIMIZATION_LEVEL = 0;
				GCC_PREPROCESSOR_DEFINITIONS = (
					"DEBUG=1",
					"$(inherited)",
				);
				GCC_WARN_64_TO_32_BIT_CONVERSION = YES;
				GCC_WARN_ABOUT_RETURN_TYPE = YES_ERROR;
				GCC_WARN_UNDECLARED_SELECTOR = YES;
				GCC_WARN_UNINITIALIZED_AUTOS = YES_AGGRESSIVE;
				GCC_WARN_UNUSED_FUNCTION = YES;
				GCC_WARN_UNUSED_VARIABLE = YES;
				IPHONEOS_DEPLOYMENT_TARGET = 16.4;
				MTL_ENABLE_DEBUG_INFO = INCLUDE_SOURCE;
				MTL_FAST_MATH = YES;
				ONLY_ACTIVE_ARCH = YES;
				SDKROOT = iphoneos;
				SWIFT_ACTIVE_COMPILATION_CONDITIONS = DEBUG;
				SWIFT_OPTIMIZATION_LEVEL = "-Onone";
			};
			name = Debug;
		};
		F3118F362AA933D40068794A /* Release */ = {
			isa = XCBuildConfiguration;
			buildSettings = {
				ALWAYS_SEARCH_USER_PATHS = NO;
				CLANG_ANALYZER_NONNULL = YES;
				CLANG_ANALYZER_NUMBER_OBJECT_CONVERSION = YES_AGGRESSIVE;
				CLANG_CXX_LANGUAGE_STANDARD = "gnu++20";
				CLANG_ENABLE_MODULES = YES;
				CLANG_ENABLE_OBJC_ARC = YES;
				CLANG_ENABLE_OBJC_WEAK = YES;
				CLANG_WARN_BLOCK_CAPTURE_AUTORELEASING = YES;
				CLANG_WARN_BOOL_CONVERSION = YES;
				CLANG_WARN_COMMA = YES;
				CLANG_WARN_CONSTANT_CONVERSION = YES;
				CLANG_WARN_DEPRECATED_OBJC_IMPLEMENTATIONS = YES;
				CLANG_WARN_DIRECT_OBJC_ISA_USAGE = YES_ERROR;
				CLANG_WARN_DOCUMENTATION_COMMENTS = YES;
				CLANG_WARN_EMPTY_BODY = YES;
				CLANG_WARN_ENUM_CONVERSION = YES;
				CLANG_WARN_INFINITE_RECURSION = YES;
				CLANG_WARN_INT_CONVERSION = YES;
				CLANG_WARN_NON_LITERAL_NULL_CONVERSION = YES;
				CLANG_WARN_OBJC_IMPLICIT_RETAIN_SELF = YES;
				CLANG_WARN_OBJC_LITERAL_CONVERSION = YES;
				CLANG_WARN_OBJC_ROOT_CLASS = YES_ERROR;
				CLANG_WARN_QUOTED_INCLUDE_IN_FRAMEWORK_HEADER = YES;
				CLANG_WARN_RANGE_LOOP_ANALYSIS = YES;
				CLANG_WARN_STRICT_PROTOTYPES = YES;
				CLANG_WARN_SUSPICIOUS_MOVE = YES;
				CLANG_WARN_UNGUARDED_AVAILABILITY = YES_AGGRESSIVE;
				CLANG_WARN_UNREACHABLE_CODE = YES;
				CLANG_WARN__DUPLICATE_METHOD_MATCH = YES;
				COPY_PHASE_STRIP = NO;
				DEBUG_INFORMATION_FORMAT = "dwarf-with-dsym";
				ENABLE_NS_ASSERTIONS = NO;
				ENABLE_STRICT_OBJC_MSGSEND = YES;
				GCC_C_LANGUAGE_STANDARD = gnu11;
				GCC_NO_COMMON_BLOCKS = YES;
				GCC_WARN_64_TO_32_BIT_CONVERSION = YES;
				GCC_WARN_ABOUT_RETURN_TYPE = YES_ERROR;
				GCC_WARN_UNDECLARED_SELECTOR = YES;
				GCC_WARN_UNINITIALIZED_AUTOS = YES_AGGRESSIVE;
				GCC_WARN_UNUSED_FUNCTION = YES;
				GCC_WARN_UNUSED_VARIABLE = YES;
				IPHONEOS_DEPLOYMENT_TARGET = 16.4;
				MTL_ENABLE_DEBUG_INFO = NO;
				MTL_FAST_MATH = YES;
				SDKROOT = iphoneos;
				SWIFT_COMPILATION_MODE = wholemodule;
				SWIFT_OPTIMIZATION_LEVEL = "-O";
				VALIDATE_PRODUCT = YES;
			};
			name = Release;
		};
		F3118F382AA933D40068794A /* Debug */ = {
			isa = XCBuildConfiguration;
			buildSettings = {
				ASSETCATALOG_COMPILER_APPICON_NAME = AppIcon;
				ASSETCATALOG_COMPILER_GLOBAL_ACCENT_COLOR_NAME = AccentColor;
				CODE_SIGN_STYLE = Automatic;
				CURRENT_PROJECT_VERSION = 1;
				DEVELOPMENT_ASSET_PATHS = "";
				ENABLE_PREVIEWS = YES;
				GENERATE_INFOPLIST_FILE = YES;
				INFOPLIST_KEY_UIApplicationSceneManifest_Generation = YES;
				INFOPLIST_KEY_UIApplicationSupportsIndirectInputEvents = YES;
				INFOPLIST_KEY_UILaunchScreen_Generation = YES;
				INFOPLIST_KEY_UISupportedInterfaceOrientations_iPad = "UIInterfaceOrientationPortrait UIInterfaceOrientationPortraitUpsideDown UIInterfaceOrientationLandscapeLeft UIInterfaceOrientationLandscapeRight";
				INFOPLIST_KEY_UISupportedInterfaceOrientations_iPhone = "UIInterfaceOrientationPortrait UIInterfaceOrientationLandscapeLeft UIInterfaceOrientationLandscapeRight";
				LD_RUNPATH_SEARCH_PATHS = (
					"$(inherited)",
					"@executable_path/Frameworks",
				);
				MARKETING_VERSION = 1.0;
				PRODUCT_BUNDLE_IDENTIFIER = "com.ios.my-app-ios";
				PRODUCT_NAME = "$(TARGET_NAME)";
				SWIFT_EMIT_LOC_STRINGS = YES;
				SWIFT_VERSION = 5.0;
				TARGETED_DEVICE_FAMILY = "1,2";
			};
			name = Debug;
		};
		F3118F392AA933D40068794A /* Release */ = {
			isa = XCBuildConfiguration;
			buildSettings = {
				ASSETCATALOG_COMPILER_APPICON_NAME = AppIcon;
				ASSETCATALOG_COMPILER_GLOBAL_ACCENT_COLOR_NAME = AccentColor;
				CODE_SIGN_STYLE = Automatic;
				CURRENT_PROJECT_VERSION = 1;
				DEVELOPMENT_ASSET_PATHS = "";
				ENABLE_PREVIEWS = YES;
				GENERATE_INFOPLIST_FILE = YES;
				INFOPLIST_KEY_UIApplicationSceneManifest_Generation = YES;
				INFOPLIST_KEY_UIApplicationSupportsIndirectInputEvents = YES;
				INFOPLIST_KEY_UILaunchScreen_Generation = YES;
				INFOPLIST_KEY_UISupportedInterfaceOrientations_iPad = "UIInterfaceOrientationPortrait UIInterfaceOrientationPortraitUpsideDown UIInterfaceOrientationLandscapeLeft UIInterfaceOrientationLandscapeRight";
				INFOPLIST_KEY_UISupportedInterfaceOrientations_iPhone = "UIInterfaceOrientationPortrait UIInterfaceOrientationLandscapeLeft UIInterfaceOrientationLandscapeRight";
				LD_RUNPATH_SEARCH_PATHS = (
					"$(inherited)",
					"@executable_path/Frameworks",
				);
				MARKETING_VERSION = 1.0;
				PRODUCT_BUNDLE_IDENTIFIER = "com.ios.my-app-ios";
				PRODUCT_NAME = "$(TARGET_NAME)";
				SWIFT_EMIT_LOC_STRINGS = YES;
				SWIFT_VERSION = 5.0;
				TARGETED_DEVICE_FAMILY = "1,2";
			};
			name = Release;
		};
		F3118F3B2AA933D40068794A /* Debug */ = {
			isa = XCBuildConfiguration;
			buildSettings = {
				ALWAYS_EMBED_SWIFT_STANDARD_LIBRARIES = YES;
				BUNDLE_LOADER = "$(TEST_HOST)";
				CODE_SIGN_STYLE = Automatic;
				CURRENT_PROJECT_VERSION = 1;
				GENERATE_INFOPLIST_FILE = YES;
				IPHONEOS_DEPLOYMENT_TARGET = 16.4;
				MARKETING_VERSION = 1.0;
				PRODUCT_BUNDLE_IDENTIFIER = "com.ios.my-app-iosTests";
				PRODUCT_NAME = "$(TARGET_NAME)";
				SWIFT_EMIT_LOC_STRINGS = NO;
				SWIFT_VERSION = 5.0;
				TARGETED_DEVICE_FAMILY = "1,2";
				TEST_HOST = "$(BUILT_PRODUCTS_DIR)/my_app_ios.app/$(BUNDLE_EXECUTABLE_FOLDER_PATH)/my_app_ios";
			};
			name = Debug;
		};
		F3118F3C2AA933D40068794A /* Release */ = {
			isa = XCBuildConfiguration;
			buildSettings = {
				ALWAYS_EMBED_SWIFT_STANDARD_LIBRARIES = YES;
				BUNDLE_LOADER = "$(TEST_HOST)";
				CODE_SIGN_STYLE = Automatic;
				CURRENT_PROJECT_VERSION = 1;
				GENERATE_INFOPLIST_FILE = YES;
				IPHONEOS_DEPLOYMENT_TARGET = 16.4;
				MARKETING_VERSION = 1.0;
				PRODUCT_BUNDLE_IDENTIFIER = "com.ios.my-app-iosTests";
				PRODUCT_NAME = "$(TARGET_NAME)";
				SWIFT_EMIT_LOC_STRINGS = NO;
				SWIFT_VERSION = 5.0;
				TARGETED_DEVICE_FAMILY = "1,2";
				TEST_HOST = "$(BUILT_PRODUCTS_DIR)/my_app_ios.app/$(BUNDLE_EXECUTABLE_FOLDER_PATH)/my_app_ios";
			};
			name = Release;
		};
		F3118F3E2AA933D40068794A /* Debug */ = {
			isa = XCBuildConfiguration;
			buildSettings = {
				ALWAYS_EMBED_SWIFT_STANDARD_LIBRARIES = YES;
				CODE_SIGN_STYLE = Automatic;
				CURRENT_PROJECT_VERSION = 1;
				GENERATE_INFOPLIST_FILE = YES;
				MARKETING_VERSION = 1.0;
				PRODUCT_BUNDLE_IDENTIFIER = "com.ios.my-app-iosUITests";
				PRODUCT_NAME = "$(TARGET_NAME)";
				SWIFT_EMIT_LOC_STRINGS = NO;
				SWIFT_VERSION = 5.0;
				TARGETED_DEVICE_FAMILY = "1,2";
				TEST_TARGET_NAME = my_app_ios;
			};
			name = Debug;
		};
		F3118F3F2AA933D40068794A /* Release */ = {
			isa = XCBuildConfiguration;
			buildSettings = {
				ALWAYS_EMBED_SWIFT_STANDARD_LIBRARIES = YES;
				CODE_SIGN_STYLE = Automatic;
				CURRENT_PROJECT_VERSION = 1;
				GENERATE_INFOPLIST_FILE = YES;
				MARKETING_VERSION = 1.0;
				PRODUCT_BUNDLE_IDENTIFIER = "com.ios.my-app-iosUITests";
				PRODUCT_NAME = "$(TARGET_NAME)";
				SWIFT_EMIT_LOC_STRINGS = NO;
				SWIFT_VERSION = 5.0;
				TARGETED_DEVICE_FAMILY = "1,2";
				TEST_TARGET_NAME = my_app_ios;
			};
			name = Release;
		};
/* End XCBuildConfiguration section */

/* Begin XCConfigurationList section */
		F3118F0E2AA933D30068794A /* Build configuration list for PBXProject "my_app_ios" */ = {
			isa = XCConfigurationList;
			buildConfigurations = (
				F3118F352AA933D40068794A /* Debug */,
				F3118F362AA933D40068794A /* Release */,
			);
			defaultConfigurationIsVisible = 0;
			defaultConfigurationName = Release;
		};
		F3118F372AA933D40068794A /* Build configuration list for PBXNativeTarget "my_app_ios" */ = {
			isa = XCConfigurationList;
			buildConfigurations = (
				F3118F382AA933D40068794A /* Debug */,
				F3118F392AA933D40068794A /* Release */,
			);
			defaultConfigurationIsVisible = 0;
			defaultConfigurationName = Release;
		};
		F3118F3A2AA933D40068794A /* Build configuration list for PBXNativeTarget "my_app_iosTests" */ = {
			isa = XCConfigurationList;
			buildConfigurations = (
				F3118F3B2AA933D40068794A /* Debug */,
				F3118F3C2AA933D40068794A /* Release */,
			);
			defaultConfigurationIsVisible = 0;
			defaultConfigurationName = Release;
		};
		F3118F3D2AA933D40068794A /* Build configuration list for PBXNativeTarget "my_app_iosUITests" */ = {
			isa = XCConfigurationList;
			buildConfigurations = (
				F3118F3E2AA933D40068794A /* Debug */,
				F3118F3F2AA933D40068794A /* Release */,
			);
			defaultConfigurationIsVisible = 0;
			defaultConfigurationName = Release;
		};
/* End XCConfigurationList section */
	};
	rootObject = F3118F0B2AA933D30068794A /* Project object */;
}
